<?xml version="1.0" encoding="utf-8"?>
<Project ToolsVersion="4.0" xmlns="http://schemas.microsoft.com/developer/msbuild/2003">
  <ItemGroup>
    <Filter Include="Source Files">
      <UniqueIdentifier>{4FC737F1-C7A5-4376-A066-2A32D752A2FF}</UniqueIdentifier>
      <Extensions>cpp;c;cc;cxx;c++;cppm;ixx;def;odl;idl;hpj;bat;asm;asmx</Extensions>
    </Filter>
    <Filter Include="Header Files">
      <UniqueIdentifier>{93995380-89BD-4b04-88EB-625FBE52EBFB}</UniqueIdentifier>
      <Extensions>h;hh;hpp;hxx;h++;hm;inl;inc;ipp;xsd</Extensions>
    </Filter>
    <Filter Include="Resource Files">
      <UniqueIdentifier>{67DA6AB6-F800-4c08-8B7A-83BB121AAD01}</UniqueIdentifier>
      <Extensions>rc;ico;cur;bmp;dlg;rc2;rct;bin;rgs;gif;jpg;jpeg;jpe;resx;tiff;tif;png;wav;mfcribbon-ms</Extensions>
    </Filter>
  </ItemGroup>
  <ItemGroup>
    <ClCompile Include="application.cpp">
      <Filter>Source Files</Filter>
    </ClCompile>
    <ClCompile Include="attack.cpp">
      <Filter>Source Files</Filter>
    </ClCompile>
    <ClCompile Include="audio.cpp">
      <Filter>Source Files</Filter>
    </ClCompile>
    <ClCompile Include="color.cpp">
      <Filter>Source Files</Filter>
    </ClCompile>
    <ClCompile Include="cube.cpp">
      <Filter>Source Files</Filter>
    </ClCompile>
    <ClCompile Include="cube_top.cpp">
      <Filter>Source Files</Filter>
    </ClCompile>
    <ClCompile Include="debug.cpp">
      <Filter>Source Files</Filter>
    </ClCompile>
    <ClCompile Include="draw.cpp">
      <Filter>Source Files</Filter>
    </ClCompile>
    <ClCompile Include="inputkey.cpp">
      <Filter>Source Files</Filter>
    </ClCompile>
    <ClCompile Include="iso_cube.cpp">
      <Filter>Source Files</Filter>
    </ClCompile>
    <ClCompile Include="iso_map.cpp">
      <Filter>Source Files</Filter>
    </ClCompile>
    <ClCompile Include="isomap.cpp">
      <Filter>Source Files</Filter>
    </ClCompile>
    <ClCompile Include="item.cpp">
      <Filter>Source Files</Filter>
    </ClCompile>
    <ClCompile Include="main.cpp">
      <Filter>Source Files</Filter>
    </ClCompile>
    <ClCompile Include="pixel.cpp">
      <Filter>Source Files</Filter>
    </ClCompile>
    <ClCompile Include="player.cpp">
      <Filter>Source Files</Filter>
    </ClCompile>
    <ClCompile Include="player_move.cpp">
      <Filter>Source Files</Filter>
    </ClCompile>
    <ClCompile Include="player_sprite.cpp">
      <Filter>Source Files</Filter>
    </ClCompile>
    <ClCompile Include="scene.cpp">
      <Filter>Source Files</Filter>
    </ClCompile>
    <ClCompile Include="scene_ending.cpp">
      <Filter>Source Files</Filter>
    </ClCompile>
    <ClCompile Include="scene_game.cpp">
      <Filter>Source Files</Filter>
    </ClCompile>
    <ClCompile Include="scene_racing.cpp">
      <Filter>Source Files</Filter>
    </ClCompile>
    <ClCompile Include="scene_test_dungeon.cpp">
      <Filter>Source Files</Filter>
    </ClCompile>
    <ClCompile Include="scene_test_fluid.cpp">
      <Filter>Source Files</Filter>
    </ClCompile>
    <ClCompile Include="scene_test_iso.cpp">
      <Filter>Source Files</Filter>
    </ClCompile>
    <ClCompile Include="scene_test_sprite.cpp">
      <Filter>Source Files</Filter>
    </ClCompile>
    <ClCompile Include="scene_tilemap.cpp">
      <Filter>Source Files</Filter>
    </ClCompile>
    <ClCompile Include="scene_title.cpp">
      <Filter>Source Files</Filter>
    </ClCompile>
    <ClCompile Include="sprite.cpp">
      <Filter>Source Files</Filter>
    </ClCompile>
    <ClCompile Include="stage.cpp">
      <Filter>Source Files</Filter>
    </ClCompile>
    <ClCompile Include="stage_config.cpp">
      <Filter>Source Files</Filter>
    </ClCompile>
    <ClCompile Include="textuer.cpp">
      <Filter>Source Files</Filter>
    </ClCompile>
    <ClCompile Include="texture.cpp">
      <Filter>Source Files</Filter>
    </ClCompile>
    <ClCompile Include="timer.cpp">
      <Filter>Source Files</Filter>
    </ClCompile>
    <ClCompile Include="vec.cpp">
      <Filter>Source Files</Filter>
    </ClCompile>
    <ClCompile Include="world.cpp">
      <Filter>Source Files</Filter>
    </ClCompile>
    <ClCompile Include="world_view.cpp">
      <Filter>Source Files</Filter>
    </ClCompile>
    <ClCompile Include="world_view_iso.cpp">
      <Filter>Source Files</Filter>
    </ClCompile>
    <ClCompile Include="world_view_raycast.cpp">
      <Filter>Source Files</Filter>
    </ClCompile>
    <ClCompile Include="world_view_top.cpp">
      <Filter>Source Files</Filter>
    </ClCompile>
    <ClCompile Include="input.cpp">
      <Filter>Source Files</Filter>
    </ClCompile>
  </ItemGroup>
  <ItemGroup>
    <ClInclude Include="animation.h">
      <Filter>Header Files</Filter>
    </ClInclude>
    <ClInclude Include="application.h">
      <Filter>Header Files</Filter>
    </ClInclude>
    <ClInclude Include="attack.h">
      <Filter>Header Files</Filter>
    </ClInclude>
    <ClInclude Include="audio.h">
      <Filter>Header Files</Filter>
    </ClInclude>
    <ClInclude Include="color.h">
      <Filter>Header Files</Filter>
    </ClInclude>
    <ClInclude Include="conioex.h">
      <Filter>Header Files</Filter>
    </ClInclude>
    <ClInclude Include="cube.h">
      <Filter>Header Files</Filter>
    </ClInclude>
    <ClInclude Include="cube_top.h">
      <Filter>Header Files</Filter>
    </ClInclude>
    <ClInclude Include="debug.h">
      <Filter>Header Files</Filter>
    </ClInclude>
    <ClInclude Include="draw.h">
      <Filter>Header Files</Filter>
    </ClInclude>
    <ClInclude Include="global.h">
      <Filter>Header Files</Filter>
    </ClInclude>
    <ClInclude Include="halwindow.h">
      <Filter>Header Files</Filter>
    </ClInclude>
    <ClInclude Include="inputkey.h">
      <Filter>Header Files</Filter>
    </ClInclude>
    <ClInclude Include="iso_cube.h">
      <Filter>Header Files</Filter>
    </ClInclude>
    <ClInclude Include="iso_map.h">
      <Filter>Header Files</Filter>
    </ClInclude>
    <ClInclude Include="item.h">
      <Filter>Header Files</Filter>
    </ClInclude>
    <ClInclude Include="pixel.h">
      <Filter>Header Files</Filter>
    </ClInclude>
    <ClInclude Include="player.h">
      <Filter>Header Files</Filter>
    </ClInclude>
    <ClInclude Include="player_move.h">
      <Filter>Header Files</Filter>
    </ClInclude>
    <ClInclude Include="player_sprite.h">
      <Filter>Header Files</Filter>
    </ClInclude>
    <ClInclude Include="scene.h">
      <Filter>Header Files</Filter>
    </ClInclude>
    <ClInclude Include="scene_ending.h">
      <Filter>Header Files</Filter>
    </ClInclude>
    <ClInclude Include="scene_game.h">
      <Filter>Header Files</Filter>
    </ClInclude>
    <ClInclude Include="scene_racing.h">
      <Filter>Header Files</Filter>
    </ClInclude>
    <ClInclude Include="scene_test_dungeon.h">
      <Filter>Header Files</Filter>
    </ClInclude>
    <ClInclude Include="scene_test_fluid.h">
      <Filter>Header Files</Filter>
    </ClInclude>
    <ClInclude Include="scene_test_iso.h">
      <Filter>Header Files</Filter>
    </ClInclude>
    <ClInclude Include="scene_test_sprite.h">
      <Filter>Header Files</Filter>
    </ClInclude>
    <ClInclude Include="scene_tilemap.h">
      <Filter>Header Files</Filter>
    </ClInclude>
    <ClInclude Include="scene_title.h">
      <Filter>Header Files</Filter>
    </ClInclude>
    <ClInclude Include="shadow.h">
      <Filter>Header Files</Filter>
    </ClInclude>
    <ClInclude Include="sprite.h">
      <Filter>Header Files</Filter>
    </ClInclude>
    <ClInclude Include="stage.h">
      <Filter>Header Files</Filter>
    </ClInclude>
    <ClInclude Include="stage_config.h">
      <Filter>Header Files</Filter>
    </ClInclude>
    <ClInclude Include="texture.h">
      <Filter>Header Files</Filter>
    </ClInclude>
    <ClInclude Include="timer.h">
      <Filter>Header Files</Filter>
    </ClInclude>
    <ClInclude Include="vec.h">
      <Filter>Header Files</Filter>
    </ClInclude>
    <ClInclude Include="world.h">
      <Filter>Header Files</Filter>
    </ClInclude>
    <ClInclude Include="world_view.h">
      <Filter>Header Files</Filter>
    </ClInclude>
    <ClInclude Include="world_view_iso.h">
      <Filter>Header Files</Filter>
    </ClInclude>
    <ClInclude Include="world_view_raycast.h">
      <Filter>Header Files</Filter>
    </ClInclude>
    <ClInclude Include="world_view_top.h">
      <Filter>Header Files</Filter>
    </ClInclude>
    <ClInclude Include="input.h">
      <Filter>Header Files</Filter>
    </ClInclude>
  </ItemGroup>
</Project>